{
  "name": "eslint-config-spoke",
  "version": "0.11.0",
  "lockfileVersion": 1,
  "requires": true,
  "dependencies": {
    "@spoke-ph/changelog": {
      "version": "1.2.0",
      "resolved": "https://registry.npmjs.org/@spoke-ph/changelog/-/changelog-1.2.0.tgz",
      "integrity": "sha512-s9ZMcbXb4bxQyaJT8YIMpIs6QLQpPfVuFj8BZNkrsDZgMWlDBer77uGqTu5V5fcTNFqnnvzij4jRRlIYxb9UUQ==",
      "dev": true,
      "requires": {
        "keep-a-changelog": "0.10.2"
      }
    },
    "camelcase": {
      "version": "5.3.1",
      "resolved": "https://registry.npmjs.org/camelcase/-/camelcase-5.3.1.tgz",
      "integrity": "sha512-L28STB170nwWS63UjtlEOE3dldQApaJXZkOI1uMFfzf3rRuPegHaHesyee+YxQ+W6SvRDQV6UrdOdRiR153wJg==",
      "dev": true
    },
    "decamelize": {
      "version": "1.2.0",
      "resolved": "https://registry.npmjs.org/decamelize/-/decamelize-1.2.0.tgz",
      "integrity": "sha1-9lNNFRSCabIDUue+4m9QH5oZEpA=",
      "dev": true
    },
    "eslint-plugin-simple-import-sort": {
      "version": "7.0.0",
      "resolved": "https://registry.npmjs.org/eslint-plugin-simple-import-sort/-/eslint-plugin-simple-import-sort-7.0.0.tgz",
      "integrity": "sha512-U3vEDB5zhYPNfxT5TYR7u01dboFZp+HNpnGhkDB2g/2E4wZ/g1Q9Ton8UwCLfRV9yAKyYqDh62oHOamvkFxsvw=="
    },
    "gitconfiglocal": {
      "version": "2.1.0",
      "resolved": "https://registry.npmjs.org/gitconfiglocal/-/gitconfiglocal-2.1.0.tgz",
      "integrity": "sha512-qoerOEliJn3z+Zyn1HW2F6eoYJqKwS6MgC9cztTLUB/xLWX8gD/6T60pKn4+t/d6tP7JlybI7Z3z+I572CR/Vg==",
      "dev": true,
      "requires": {
        "ini": "^1.3.2"
      }
    },
    "ini": {
      "version": "1.3.8",
      "resolved": "https://registry.npmjs.org/ini/-/ini-1.3.8.tgz",
      "integrity": "sha512-JV/yugV2uzW5iMRSiZAyDtQd+nxtUnjeLt0acNdw98kKLrvuRVyB80tsREOE7yvGVgalhZ6RNXCmEHkUKBKxew==",
      "dev": true
    },
    "keep-a-changelog": {
      "version": "0.10.2",
      "resolved": "https://registry.npmjs.org/keep-a-changelog/-/keep-a-changelog-0.10.2.tgz",
      "integrity": "sha512-lV2Jf+VS9K2xaSwzvuMWTDxJCIFFM3PCfgzVaEU9tD68M3E0YeabGai7pG/UzFlJ4r//EO9w4u65kXF1QjLnwg==",
      "dev": true,
      "requires": {
        "gitconfiglocal": "^2.1.0",
        "semver": "^7.3.2",
        "yargs-parser": "^18.1.3"
      }
    },
    "lru-cache": {
      "version": "6.0.0",
      "resolved": "https://registry.npmjs.org/lru-cache/-/lru-cache-6.0.0.tgz",
      "integrity": "sha512-Jo6dJ04CmSjuznwJSS3pUeWmd/H0ffTlkXXgwZi+eq1UCmqQwCh+eLsYOYCwY991i2Fah4h1BEMCx4qThGbsiA==",
      "dev": true,
      "requires": {
        "yallist": "^4.0.0"
      }
    },
    "semver": {
      "version": "7.3.4",
      "resolved": "https://registry.npmjs.org/semver/-/semver-7.3.4.tgz",
      "integrity": "sha512-tCfb2WLjqFAtXn4KEdxIhalnRtoKFN7nAwj0B3ZXCbQloV2tq5eDbcTmT68JJD3nRJq24/XgxtQKFIpQdtvmVw==",
      "dev": true,
      "requires": {
        "lru-cache": "^6.0.0"
      }
    },
    "yallist": {
      "version": "4.0.0",
      "resolved": "https://registry.npmjs.org/yallist/-/yallist-4.0.0.tgz",
      "integrity": "sha512-3wdGidZyq5PB084XLES5TpOSRA3wjXAlIWMhum2kRcv/41Sn2emQ0dycQW4uZXLejwKvg6EsvbdlVL+FYEct7A==",
      "dev": true
    },
    "yargs-parser": {
      "version": "18.1.3",
      "resolved": "https://registry.npmjs.org/yargs-parser/-/yargs-parser-18.1.3.tgz",
      "integrity": "sha512-o50j0JeToy/4K6OZcaQmW6lyXXKhq7csREXcDwk2omFPJEwUNOVtJKvmDr9EI1fAJZUyZcRF7kxGBWmRXudrCQ==",
      "dev": true,
      "requires": {
        "camelcase": "^5.0.0",
        "decamelize": "^1.2.0"
      }
    }
  }
}
